
Microsoft Visual Studio Solution File, Format Version 11.00
# Visual Studio 2010
Project("{FAE04EC0-301F-11D3-BF4B-00C04F79EFBC}") = "Assembly-CSharp", "Assembly-CSharp.csproj", "{6267BA68-8A6B-7F7B-1EFF-4D1B9FE68A78}"
EndProject
Project("{FAE04EC0-301F-11D3-BF4B-00C04F79EFBC}") = "Assembly-CSharp-firstpass", "Assembly-CSharp-firstpass.csproj", "{4FE70D52-4642-C01F-4E74-745C691924A9}"
EndProject
Project("{FAE04EC0-301F-11D3-BF4B-00C04F79EFBC}") = "Assembly-CSharp-Editor", "Assembly-CSharp-Editor.csproj", "{F28C24A8-0010-2F35-5CE0-B62450106BF4}"
EndProject
Global
	GlobalSection(SolutionConfigurationPlatforms) = preSolution
		Debug|Any CPU = Debug|Any CPU
		Release|Any CPU = Release|Any CPU
	EndGlobalSection
	GlobalSection(ProjectConfigurationPlatforms) = postSolution
		{6267BA68-8A6B-7F7B-1EFF-4D1B9FE68A78}.Debug|Any CPU.ActiveCfg = Debug|Any CPU
		{6267BA68-8A6B-7F7B-1EFF-4D1B9FE68A78}.Debug|Any CPU.Build.0 = Debug|Any CPU
		{6267BA68-8A6B-7F7B-1EFF-4D1B9FE68A78}.Release|Any CPU.ActiveCfg = Release|Any CPU
		{6267BA68-8A6B-7F7B-1EFF-4D1B9FE68A78}.Release|Any CPU.Build.0 = Release|Any CPU
		{4FE70D52-4642-C01F-4E74-745C691924A9}.Debug|Any CPU.ActiveCfg = Debug|Any CPU
		{4FE70D52-4642-C01F-4E74-745C691924A9}.Debug|Any CPU.Build.0 = Debug|Any CPU
		{4FE70D52-4642-C01F-4E74-745C691924A9}.Release|Any CPU.ActiveCfg = Release|Any CPU
		{4FE70D52-4642-C01F-4E74-745C691924A9}.Release|Any CPU.Build.0 = Release|Any CPU
		{F28C24A8-0010-2F35-5CE0-B62450106BF4}.Debug|Any CPU.ActiveCfg = Debug|Any CPU
		{F28C24A8-0010-2F35-5CE0-B62450106BF4}.Debug|Any CPU.Build.0 = Debug|Any CPU
		{F28C24A8-0010-2F35-5CE0-B62450106BF4}.Release|Any CPU.ActiveCfg = Release|Any CPU
		{F28C24A8-0010-2F35-5CE0-B62450106BF4}.Release|Any CPU.Build.0 = Release|Any CPU
	EndGlobalSection
	GlobalSection(SolutionProperties) = preSolution
		HideSolutionNode = FALSE
	EndGlobalSection
	GlobalSection(MonoDevelopProperties) = preSolution
		StartupItem = Assembly-CSharp.csproj
	EndGlobalSection
EndGlobal
